// !$*UTF8*$!
{
	archiveVersion = 1;
	classes = {
	};
	objectVersion = 46;
	objects = {

/* Begin PBXBuildFile section */
		201113DC5BEBB29073325576 /* libPods.a in Frameworks */ = {isa = PBXBuildFile; fileRef = DF8D0EF6C882E537D3BA5AAF /* libPods.a */; };
		4EE3308F1B00A52D00E77990 /* main.m in Sources */ = {isa = PBXBuildFile; fileRef = 4EE3308E1B00A52D00E77990 /* main.m */; };
		4EE330921B00A52D00E77990 /* AppDelegate.m in Sources */ = {isa = PBXBuildFile; fileRef = 4EE330911B00A52D00E77990 /* AppDelegate.m */; };
		4EE330951B00A52D00E77990 /* ViewController.m in Sources */ = {isa = PBXBuildFile; fileRef = 4EE330941B00A52D00E77990 /* ViewController.m */; };
		4EE330981B00A52D00E77990 /* Main.storyboard in Resources */ = {isa = PBXBuildFile; fileRef = 4EE330961B00A52D00E77990 /* Main.storyboard */; };
		4EE3309A1B00A52D00E77990 /* Images.xcassets in Resources */ = {isa = PBXBuildFile; fileRef = 4EE330991B00A52D00E77990 /* Images.xcassets */; };
		4EE3309D1B00A52D00E77990 /* LaunchScreen.xib in Resources */ = {isa = PBXBuildFile; fileRef = 4EE3309B1B00A52D00E77990 /* LaunchScreen.xib */; };
		4EE330A91B00A52E00E77990 /* VernezTechTestTests.m in Sources */ = {isa = PBXBuildFile; fileRef = 4EE330A81B00A52E00E77990 /* VernezTechTestTests.m */; };
		4EE330B81B00AAA200E77990 /* VZTAPIClient.m in Sources */ = {isa = PBXBuildFile; fileRef = 4EE330B71B00AAA200E77990 /* VZTAPIClient.m */; };
		4EE330BB1B00AC2700E77990 /* VZTImagesTableViewCell.m in Sources */ = {isa = PBXBuildFile; fileRef = 4EE330BA1B00AC2700E77990 /* VZTImagesTableViewCell.m */; };
		4EE330BE1B00AD6C00E77990 /* VZTData.m in Sources */ = {isa = PBXBuildFile; fileRef = 4EE330BD1B00AD6C00E77990 /* VZTData.m */; };
/* End PBXBuildFile section */

/* Begin PBXContainerItemProxy section */
		4EE330A31B00A52D00E77990 /* PBXContainerItemProxy */ = {
			isa = PBXContainerItemProxy;
			containerPortal = 4EE330811B00A52D00E77990 /* Project object */;
			proxyType = 1;
			remoteGlobalIDString = 4EE330881B00A52D00E77990;
			remoteInfo = VernezTechTest;
		};
/* End PBXContainerItemProxy section */

/* Begin PBXFileReference section */
		01612620712C63CFBCE7654B /* Pods.release.xcconfig */ = {isa = PBXFileReference; includeInIndex = 1; lastKnownFileType = text.xcconfig; name = Pods.release.xcconfig; path = "Pods/Target Support Files/Pods/Pods.release.xcconfig"; sourceTree = "<group>"; };
		4EE330891B00A52D00E77990 /* VernezTechTest.app */ = {isa = PBXFileReference; explicitFileType = wrapper.application; includeInIndex = 0; path = VernezTechTest.app; sourceTree = BUILT_PRODUCTS_DIR; };
		4EE3308D1B00A52D00E77990 /* Info.plist */ = {isa = PBXFileReference; lastKnownFileType = text.plist.xml; path = Info.plist; sourceTree = "<group>"; };
		4EE3308E1B00A52D00E77990 /* main.m */ = {isa = PBXFileReference; lastKnownFileType = sourcecode.c.objc; path = main.m; sourceTree = "<group>"; };
		4EE330901B00A52D00E77990 /* AppDelegate.h */ = {isa = PBXFileReference; lastKnownFileType = sourcecode.c.h; path = AppDelegate.h; sourceTree = "<group>"; };
		4EE330911B00A52D00E77990 /* AppDelegate.m */ = {isa = PBXFileReference; lastKnownFileType = sourcecode.c.objc; path = AppDelegate.m; sourceTree = "<group>"; };
		4EE330931B00A52D00E77990 /* ViewController.h */ = {isa = PBXFileReference; lastKnownFileType = sourcecode.c.h; path = ViewController.h; sourceTree = "<group>"; };
		4EE330941B00A52D00E77990 /* ViewController.m */ = {isa = PBXFileReference; lastKnownFileType = sourcecode.c.objc; path = ViewController.m; sourceTree = "<group>"; };
		4EE330971B00A52D00E77990 /* Base */ = {isa = PBXFileReference; lastKnownFileType = file.storyboard; name = Base; path = Base.lproj/Main.storyboard; sourceTree = "<group>"; };
		4EE330991B00A52D00E77990 /* Images.xcassets */ = {isa = PBXFileReference; lastKnownFileType = folder.assetcatalog; path = Images.xcassets; sourceTree = "<group>"; };
		4EE3309C1B00A52D00E77990 /* Base */ = {isa = PBXFileReference; lastKnownFileType = file.xib; name = Base; path = Base.lproj/LaunchScreen.xib; sourceTree = "<group>"; };
		4EE330A21B00A52D00E77990 /* VernezTechTestTests.xctest */ = {isa = PBXFileReference; explicitFileType = wrapper.cfbundle; includeInIndex = 0; path = VernezTechTestTests.xctest; sourceTree = BUILT_PRODUCTS_DIR; };
		4EE330A71B00A52E00E77990 /* Info.plist */ = {isa = PBXFileReference; lastKnownFileType = text.plist.xml; path = Info.plist; sourceTree = "<group>"; };
		4EE330A81B00A52E00E77990 /* VernezTechTestTests.m */ = {isa = PBXFileReference; lastKnownFileType = sourcecode.c.objc; path = VernezTechTestTests.m; sourceTree = "<group>"; };
		4EE330B61B00AAA200E77990 /* VZTAPIClient.h */ = {isa = PBXFileReference; fileEncoding = 4; lastKnownFileType = sourcecode.c.h; path = VZTAPIClient.h; sourceTree = "<group>"; };
		4EE330B71B00AAA200E77990 /* VZTAPIClient.m */ = {isa = PBXFileReference; fileEncoding = 4; lastKnownFileType = sourcecode.c.objc; path = VZTAPIClient.m; sourceTree = "<group>"; };
		4EE330B91B00AC2700E77990 /* VZTImagesTableViewCell.h */ = {isa = PBXFileReference; fileEncoding = 4; lastKnownFileType = sourcecode.c.h; path = VZTImagesTableViewCell.h; sourceTree = "<group>"; };
		4EE330BA1B00AC2700E77990 /* VZTImagesTableViewCell.m */ = {isa = PBXFileReference; fileEncoding = 4; lastKnownFileType = sourcecode.c.objc; path = VZTImagesTableViewCell.m; sourceTree = "<group>"; };
		4EE330BC1B00AD6C00E77990 /* VZTData.h */ = {isa = PBXFileReference; fileEncoding = 4; lastKnownFileType = sourcecode.c.h; path = VZTData.h; sourceTree = "<group>"; };
		4EE330BD1B00AD6C00E77990 /* VZTData.m */ = {isa = PBXFileReference; fileEncoding = 4; lastKnownFileType = sourcecode.c.objc; path = VZTData.m; sourceTree = "<group>"; };
		5FCC8B44F03797DFFDABB5D7 /* Pods.debug.xcconfig */ = {isa = PBXFileReference; includeInIndex = 1; lastKnownFileType = text.xcconfig; name = Pods.debug.xcconfig; path = "Pods/Target Support Files/Pods/Pods.debug.xcconfig"; sourceTree = "<group>"; };
		DF8D0EF6C882E537D3BA5AAF /* libPods.a */ = {isa = PBXFileReference; explicitFileType = archive.ar; includeInIndex = 0; path = libPods.a; sourceTree = BUILT_PRODUCTS_DIR; };
/* End PBXFileReference section */

/* Begin PBXFrameworksBuildPhase section */
		4EE330861B00A52D00E77990 /* Frameworks */ = {
			isa = PBXFrameworksBuildPhase;
			buildActionMask = 2147483647;
			files = (
				201113DC5BEBB29073325576 /* libPods.a in Frameworks */,
			);
			runOnlyForDeploymentPostprocessing = 0;
		};
		4EE3309F1B00A52D00E77990 /* Frameworks */ = {
			isa = PBXFrameworksBuildPhase;
			buildActionMask = 2147483647;
			files = (
			);
			runOnlyForDeploymentPostprocessing = 0;
		};
/* End PBXFrameworksBuildPhase section */

/* Begin PBXGroup section */
		4EE330801B00A52D00E77990 = {
			isa = PBXGroup;
			children = (
				4EE3308B1B00A52D00E77990 /* VernezTechTest */,
				4EE330A51B00A52D00E77990 /* VernezTechTestTests */,
				4EE3308A1B00A52D00E77990 /* Products */,
				C1589C2D1DBD4DF8EC0EDFE2 /* Pods */,
				CF113F380D087AC8517F3334 /* Frameworks */,
			);
			sourceTree = "<group>";
		};
		4EE3308A1B00A52D00E77990 /* Products */ = {
			isa = PBXGroup;
			children = (
				4EE330891B00A52D00E77990 /* VernezTechTest.app */,
				4EE330A21B00A52D00E77990 /* VernezTechTestTests.xctest */,
			);
			name = Products;
			sourceTree = "<group>";
		};
		4EE3308B1B00A52D00E77990 /* VernezTechTest */ = {
			isa = PBXGroup;
			children = (
				4EE330B41B00A60100E77990 /* Networking */,
				4EE330B31B00A5FC00E77990 /* Models */,
				4EE330B21B00A5F300E77990 /* Cells */,
				4EE330B51B00A60600E77990 /* Controllers */,
				4EE330901B00A52D00E77990 /* AppDelegate.h */,
				4EE330911B00A52D00E77990 /* AppDelegate.m */,
				4EE330961B00A52D00E77990 /* Main.storyboard */,
				4EE330991B00A52D00E77990 /* Images.xcassets */,
				4EE3309B1B00A52D00E77990 /* LaunchScreen.xib */,
				4EE3308C1B00A52D00E77990 /* Supporting Files */,
			);
			path = VernezTechTest;
			sourceTree = "<group>";
		};
		4EE3308C1B00A52D00E77990 /* Supporting Files */ = {
			isa = PBXGroup;
			children = (
				4EE3308D1B00A52D00E77990 /* Info.plist */,
				4EE3308E1B00A52D00E77990 /* main.m */,
			);
			name = "Supporting Files";
			sourceTree = "<group>";
		};
		4EE330A51B00A52D00E77990 /* VernezTechTestTests */ = {
			isa = PBXGroup;
			children = (
				4EE330A81B00A52E00E77990 /* VernezTechTestTests.m */,
				4EE330A61B00A52E00E77990 /* Supporting Files */,
			);
			path = VernezTechTestTests;
			sourceTree = "<group>";
		};
		4EE330A61B00A52E00E77990 /* Supporting Files */ = {
			isa = PBXGroup;
			children = (
				4EE330A71B00A52E00E77990 /* Info.plist */,
			);
			name = "Supporting Files";
			sourceTree = "<group>";
		};
		4EE330B21B00A5F300E77990 /* Cells */ = {
			isa = PBXGroup;
			children = (
				4EE330B91B00AC2700E77990 /* VZTImagesTableViewCell.h */,
				4EE330BA1B00AC2700E77990 /* VZTImagesTableViewCell.m */,
			);
			name = Cells;
			sourceTree = "<group>";
		};
		4EE330B31B00A5FC00E77990 /* Models */ = {
			isa = PBXGroup;
			children = (
				4EE330BC1B00AD6C00E77990 /* VZTData.h */,
				4EE330BD1B00AD6C00E77990 /* VZTData.m */,
			);
			name = Models;
			sourceTree = "<group>";
		};
		4EE330B41B00A60100E77990 /* Networking */ = {
			isa = PBXGroup;
			children = (
				4EE330B61B00AAA200E77990 /* VZTAPIClient.h */,
				4EE330B71B00AAA200E77990 /* VZTAPIClient.m */,
			);
			name = Networking;
			sourceTree = "<group>";
		};
		4EE330B51B00A60600E77990 /* Controllers */ = {
			isa = PBXGroup;
			children = (
				4EE330931B00A52D00E77990 /* ViewController.h */,
				4EE330941B00A52D00E77990 /* ViewController.m */,
			);
			name = Controllers;
			sourceTree = "<group>";
		};
		C1589C2D1DBD4DF8EC0EDFE2 /* Pods */ = {
			isa = PBXGroup;
			children = (
				5FCC8B44F03797DFFDABB5D7 /* Pods.debug.xcconfig */,
				01612620712C63CFBCE7654B /* Pods.release.xcconfig */,
			);
			name = Pods;
			sourceTree = "<group>";
		};
		CF113F380D087AC8517F3334 /* Frameworks */ = {
			isa = PBXGroup;
			children = (
				DF8D0EF6C882E537D3BA5AAF /* libPods.a */,
			);
			name = Frameworks;
			sourceTree = "<group>";
		};
/* End PBXGroup section */

/* Begin PBXNativeTarget section */
		4EE330881B00A52D00E77990 /* VernezTechTest */ = {
			isa = PBXNativeTarget;
			buildConfigurationList = 4EE330AC1B00A52E00E77990 /* Build configuration list for PBXNativeTarget "VernezTechTest" */;
			buildPhases = (
				C7448482975B9CF869741963 /* Check Pods Manifest.lock */,
				4EE330851B00A52D00E77990 /* Sources */,
				4EE330861B00A52D00E77990 /* Frameworks */,
				4EE330871B00A52D00E77990 /* Resources */,
				D6E128778B97760F7C5004EB /* Copy Pods Resources */,
			);
			buildRules = (
			);
			dependencies = (
			);
			name = VernezTechTest;
			productName = VernezTechTest;
			productReference = 4EE330891B00A52D00E77990 /* VernezTechTest.app */;
			productType = "com.apple.product-type.application";
		};
		4EE330A11B00A52D00E77990 /* VernezTechTestTests */ = {
			isa = PBXNativeTarget;
			buildConfigurationList = 4EE330AF1B00A52E00E77990 /* Build configuration list for PBXNativeTarget "VernezTechTestTests" */;
			buildPhases = (
				4EE3309E1B00A52D00E77990 /* Sources */,
				4EE3309F1B00A52D00E77990 /* Frameworks */,
				4EE330A01B00A52D00E77990 /* Resources */,
			);
			buildRules = (
			);
			dependencies = (
				4EE330A41B00A52D00E77990 /* PBXTargetDependency */,
			);
			name = VernezTechTestTests;
			productName = VernezTechTestTests;
			productReference = 4EE330A21B00A52D00E77990 /* VernezTechTestTests.xctest */;
			productType = "com.apple.product-type.bundle.unit-test";
		};
/* End PBXNativeTarget section */

/* Begin PBXProject section */
		4EE330811B00A52D00E77990 /* Project object */ = {
			isa = PBXProject;
			attributes = {
				CLASSPREFIX = VZT;
				LastUpgradeCheck = 0620;
				ORGANIZATIONNAME = "Joan Cardona";
				TargetAttributes = {
					4EE330881B00A52D00E77990 = {
						CreatedOnToolsVersion = 6.2;
					};
					4EE330A11B00A52D00E77990 = {
						CreatedOnToolsVersion = 6.2;
						TestTargetID = 4EE330881B00A52D00E77990;
					};
				};
			};
			buildConfigurationList = 4EE330841B00A52D00E77990 /* Build configuration list for PBXProject "VernezTechTest" */;
			compatibilityVersion = "Xcode 3.2";
			developmentRegion = English;
			hasScannedForEncodings = 0;
			knownRegions = (
				en,
				Base,
			);
			mainGroup = 4EE330801B00A52D00E77990;
			productRefGroup = 4EE3308A1B00A52D00E77990 /* Products */;
			projectDirPath = "";
			projectRoot = "";
			targets = (
				4EE330881B00A52D00E77990 /* VernezTechTest */,
				4EE330A11B00A52D00E77990 /* VernezTechTestTests */,
			);
		};
/* End PBXProject section */

/* Begin PBXResourcesBuildPhase section */
		4EE330871B00A52D00E77990 /* Resources */ = {
			isa = PBXResourcesBuildPhase;
			buildActionMask = 2147483647;
			files = (
				4EE330981B00A52D00E77990 /* Main.storyboard in Resources */,
				4EE3309D1B00A52D00E77990 /* LaunchScreen.xib in Resources */,
				4EE3309A1B00A52D00E77990 /* Images.xcassets in Resources */,
			);
			runOnlyForDeploymentPostprocessing = 0;
		};
		4EE330A01B00A52D00E77990 /* Resources */ = {
			isa = PBXResourcesBuildPhase;
			buildActionMask = 2147483647;
			files = (
			);
			runOnlyForDeploymentPostprocessing = 0;
		};
/* End PBXResourcesBuildPhase section */

/* Begin PBXShellScriptBuildPhase section */
		C7448482975B9CF869741963 /* Check Pods Manifest.lock */ = {
			isa = PBXShellScriptBuildPhase;
			buildActionMask = 2147483647;
			files = (
			);
			inputPaths = (
			);
			name = "Check Pods Manifest.lock";
			outputPaths = (
			);
			runOnlyForDeploymentPostprocessing = 0;
			shellPath = /bin/sh;
			shellScript = "diff \"${PODS_ROOT}/../Podfile.lock\" \"${PODS_ROOT}/Manifest.lock\" > /dev/null\nif [[ $? != 0 ]] ; then\n    cat << EOM\nerror: The sandbox is not in sync with the Podfile.lock. Run 'pod install' or update your CocoaPods installation.\nEOM\n    exit 1\nfi\n";
			showEnvVarsInLog = 0;
		};
		D6E128778B97760F7C5004EB /* Copy Pods Resources */ = {
			isa = PBXShellScriptBuildPhase;
			buildActionMask = 2147483647;
			files = (
			);
			inputPaths = (
			);
			name = "Copy Pods Resources";
			outputPaths = (
			);
			runOnlyForDeploymentPostprocessing = 0;
			shellPath = /bin/sh;
			shellScript = "\"${SRCROOT}/Pods/Target Support Files/Pods/Pods-resources.sh\"\n";
			showEnvVarsInLog = 0;
		};
/* End PBXShellScriptBuildPhase section */

/* Begin PBXSourcesBuildPhase section */
		4EE330851B00A52D00E77990 /* Sources */ = {
			isa = PBXSourcesBuildPhase;
			buildActionMask = 2147483647;
			files = (
				4EE330951B00A52D00E77990 /* ViewController.m in Sources */,
				4EE330921B00A52D00E77990 /* AppDelegate.m in Sources */,
				4EE330BE1B00AD6C00E77990 /* VZTData.m in Sources */,
				4EE330B81B00AAA200E77990 /* VZTAPIClient.m in Sources */,
				4EE330BB1B00AC2700E77990 /* VZTImagesTableViewCell.m in Sources */,
				4EE3308F1B00A52D00E77990 /* main.m in Sources */,
			);
			runOnlyForDeploymentPostprocessing = 0;
		};
		4EE3309E1B00A52D00E77990 /* Sources */ = {
			isa = PBXSourcesBuildPhase;
			buildActionMask = 2147483647;
			files = (
				4EE330A91B00A52E00E77990 /* VernezTechTestTests.m in Sources */,
			);
			runOnlyForDeploymentPostprocessing = 0;
		};
/* End PBXSourcesBuildPhase section */

/* Begin PBXTargetDependency section */
		4EE330A41B00A52D00E77990 /* PBXTargetDependency */ = {
			isa = PBXTargetDependency;
			target = 4EE330881B00A52D00E77990 /* VernezTechTest */;
			targetProxy = 4EE330A31B00A52D00E77990 /* PBXContainerItemProxy */;
		};
/* End PBXTargetDependency section */

/* Begin PBXVariantGroup section */
		4EE330961B00A52D00E77990 /* Main.storyboard */ = {
			isa = PBXVariantGroup;
			children = (
				4EE330971B00A52D00E77990 /* Base */,
			);
			name = Main.storyboard;
			sourceTree = "<group>";
		};
		4EE3309B1B00A52D00E77990 /* LaunchScreen.xib */ = {
			isa = PBXVariantGroup;
			children = (
				4EE3309C1B00A52D00E77990 /* Base */,
			);
			name = LaunchScreen.xib;
			sourceTree = "<group>";
		};
/* End PBXVariantGroup section */

/* Begin XCBuildConfiguration section */
		4EE330AA1B00A52E00E77990 /* Debug */ = {
			isa = XCBuildConfiguration;
			buildSettings = {
				ALWAYS_SEARCH_USER_PATHS = NO;
				CLANG_CXX_LANGUAGE_STANDARD = "gnu++0x";
				CLANG_CXX_LIBRARY = "libc++";
				CLANG_ENABLE_MODULES = YES;
				CLANG_ENABLE_OBJC_ARC = YES;
				CLANG_WARN_BOOL_CONVERSION = YES;
				CLANG_WARN_CONSTANT_CONVERSION = YES;
				CLANG_WARN_DIRECT_OBJC_ISA_USAGE = YES_ERROR;
				CLANG_WARN_EMPTY_BODY = YES;
				CLANG_WARN_ENUM_CONVERSION = YES;
				CLANG_WARN_INT_CONVERSION = YES;
				CLANG_WARN_OBJC_ROOT_CLASS = YES_ERROR;
				CLANG_WARN_UNREACHABLE_CODE = YES;
				CLANG_WARN__DUPLICATE_METHOD_MATCH = YES;
				"CODE_SIGN_IDENTITY[sdk=iphoneos*]" = "iPhone Developer";
				COPY_PHASE_STRIP = NO;
				ENABLE_STRICT_OBJC_MSGSEND = YES;
				GCC_C_LANGUAGE_STANDARD = gnu99;
				GCC_DYNAMIC_NO_PIC = NO;
				GCC_OPTIMIZATION_LEVEL = 0;
				GCC_PREPROCESSOR_DEFINITIONS = (
					"DEBUG=1",
					"$(inherited)",
				);
				GCC_SYMBOLS_PRIVATE_EXTERN = NO;
				GCC_WARN_64_TO_32_BIT_CONVERSION = YES;
				GCC_WARN_ABOUT_RETURN_TYPE = YES_ERROR;
				GCC_WARN_UNDECLARED_SELECTOR = YES;
				GCC_WARN_UNINITIALIZED_AUTOS = YES_AGGRESSIVE;
				GCC_WARN_UNUSED_FUNCTION = YES;
				GCC_WARN_UNUSED_VARIABLE = YES;
				IPHONEOS_DEPLOYMENT_TARGET = 8.2;
				MTL_ENABLE_DEBUG_INFO = YES;
				ONLY_ACTIVE_ARCH = YES;
				SDKROOT = iphoneos;
			};
			name = Debug;
		};
		4EE330AB1B00A52E00E77990 /* Release */ = {
			isa = XCBuildConfiguration;
			buildSettings = {
				ALWAYS_SEARCH_USER_PATHS = NO;
				CLANG_CXX_LANGUAGE_STANDARD = "gnu++0x";
				CLANG_CXX_LIBRARY = "libc++";
				CLANG_ENABLE_MODULES = YES;
				CLANG_ENABLE_OBJC_ARC = YES;
				CLANG_WARN_BOOL_CONVERSION = YES;
				CLANG_WARN_CONSTANT_CONVERSION = YES;
				CLANG_WARN_DIRECT_OBJC_ISA_USAGE = YES_ERROR;
				CLANG_WARN_EMPTY_BODY = YES;
				CLANG_WARN_ENUM_CONVERSION = YES;
				CLANG_WARN_INT_CONVERSION = YES;
				CLANG_WARN_OBJC_ROOT_CLASS = YES_ERROR;
				CLANG_WARN_UNREACHABLE_CODE = YES;
				CLANG_WARN__DUPLICATE_METHOD_MATCH = YES;
				"CODE_SIGN_IDENTITY[sdk=iphoneos*]" = "iPhone Developer";
				COPY_PHASE_STRIP = NO;
				ENABLE_NS_ASSERTIONS = NO;
				ENABLE_STRICT_OBJC_MSGSEND = YES;
				GCC_C_LANGUAGE_STANDARD = gnu99;
				GCC_WARN_64_TO_32_BIT_CONVERSION = YES;
				GCC_WARN_ABOUT_RETURN_TYPE = YES_ERROR;
				GCC_WARN_UNDECLARED_SELECTOR = YES;
				GCC_WARN_UNINITIALIZED_AUTOS = YES_AGGRESSIVE;
				GCC_WARN_UNUSED_FUNCTION = YES;
				GCC_WARN_UNUSED_VARIABLE = YES;
				IPHONEOS_DEPLOYMENT_TARGET = 8.2;
				MTL_ENABLE_DEBUG_INFO = NO;
				SDKROOT = iphoneos;
				VALIDATE_PRODUCT = YES;
			};
			name = Release;
		};
		4EE330AD1B00A52E00E77990 /* Debug */ = {
			isa = XCBuildConfiguration;
			baseConfigurationReference = 5FCC8B44F03797DFFDABB5D7 /* Pods.debug.xcconfig */;
			buildSettings = {
				ASSETCATALOG_COMPILER_APPICON_NAME = AppIcon;
				INFOPLIST_FILE = VernezTechTest/Info.plist;
				LD_RUNPATH_SEARCH_PATHS = "$(inherited) @executable_path/Frameworks";
				PRODUCT_NAME = "$(TARGET_NAME)";
			};
			name = Debug;
		};
		4EE330AE1B00A52E00E77990 /* Release */ = {
			isa = XCBuildConfiguration;
			baseConfigurationReference = 01612620712C63CFBCE7654B /* Pods.release.xcconfig */;
			buildSettings = {
				ASSETCATALOG_COMPILER_APPICON_NAME = AppIcon;
				INFOPLIST_FILE = VernezTechTest/Info.plist;
				LD_RUNPATH_SEARCH_PATHS = "$(inherited) @executable_path/Frameworks";
				PRODUCT_NAME = "$(TARGET_NAME)";
			};
			name = Release;
		};
		4EE330B01B00A52E00E77990 /* Debug */ = {
			isa = XCBuildConfiguration;
			buildSettings = {
				BUNDLE_LOADER = "$(TEST_HOST)";
				FRAMEWORK_SEARCH_PATHS = (
					"$(SDKROOT)/Developer/Library/Frameworks",
					"$(inherited)",
				);
				GCC_PREPROCESSOR_DEFINITIONS = (
					"DEBUG=1",
					"$(inherited)",
				);
				INFOPLIST_FILE = VernezTechTestTests/Info.plist;
				LD_RUNPATH_SEARCH_PATHS = "$(inherited) @executable_path/Frameworks @loader_path/Frameworks";
				PRODUCT_NAME = "$(TARGET_NAME)";
				TEST_HOST = "$(BUILT_PRODUCTS_DIR)/VernezTechTest.app/VernezTechTest";
			};
			name = Debug;
		};
		4EE330B11B00A52E00E77990 /* Release */ = {
			isa = XCBuildConfiguration;
			buildSettings = {
				BUNDLE_LOADER = "$(TEST_HOST)";
				FRAMEWORK_SEARCH_PATHS = (
					"$(SDKROOT)/Developer/Library/Frameworks",
					"$(inherited)",
				);
				INFOPLIST_FILE = VernezTechTestTests/Info.plist;
				LD_RUNPATH_SEARCH_PATHS = "$(inherited) @executable_path/Frameworks @loader_path/Frameworks";
				PRODUCT_NAME = "$(TARGET_NAME)";
				TEST_HOST = "$(BUILT_PRODUCTS_DIR)/VernezTechTest.app/VernezTechTest";
			};
			name = Release;
		};
/* End XCBuildConfiguration section */

/* Begin XCConfigurationList section */
		4EE330841B00A52D00E77990 /* Build configuration list for PBXProject "VernezTechTest" */ = {
			isa = XCConfigurationList;
			buildConfigurations = (
				4EE330AA1B00A52E00E77990 /* Debug */,
				4EE330AB1B00A52E00E77990 /* Release */,
			);
			defaultConfigurationIsVisible = 0;
			defaultConfigurationName = Release;
		};
		4EE330AC1B00A52E00E77990 /* Build configuration list for PBXNativeTarget "VernezTechTest" */ = {
			isa = XCConfigurationList;
			buildConfigurations = (
				4EE330AD1B00A52E00E77990 /* Debug */,
				4EE330AE1B00A52E00E77990 /* Release */,
			);
			defaultConfigurationIsVisible = 0;
			defaultConfigurationName = Release;
		};
		4EE330AF1B00A52E00E77990 /* Build configuration list for PBXNativeTarget "VernezTechTestTests" */ = {
			isa = XCConfigurationList;
			buildConfigurations = (
				4EE330B01B00A52E00E77990 /* Debug */,
				4EE330B11B00A52E00E77990 /* Release */,
			);
			defaultConfigurationIsVisible = 0;
			defaultConfigurationName = Release;
		};
/* End XCConfigurationList section */
	};
	rootObject = 4EE330811B00A52D00E77990 /* Project object */;
}
